PODS:
  - CompositionalLayoutViewController (0.5.0)
  - Reusable (4.1.1):
    - Reusable/Storyboard (= 4.1.1)
    - Reusable/View (= 4.1.1)
  - Reusable/Storyboard (4.1.1)
  - Reusable/View (4.1.1)
  - SwiftFormat/CLI (0.48.2)

DEPENDENCIES:
  - CompositionalLayoutViewController (from `../`)
  - Reusable
  - SwiftFormat/CLI

SPEC REPOS:
  trunk:
    - Reusable
    - SwiftFormat

EXTERNAL SOURCES:
  CompositionalLayoutViewController:
    :path: "../"

SPEC CHECKSUMS:
  CompositionalLayoutViewController: dd293dab0778c30dd53e14d3d50eeae15fc18d2b
  Reusable: 53a9acf5c536f229b31b5865782414b508252ddb
  SwiftFormat: 480a8c281371d0ae142b2b877ef542462c01c39f

PODFILE CHECKSUM: 9cf45443a1e096e986416671596aa81a6489d948

COCOAPODS: 1.11.2
